
Microsoft Visual Studio Solution File, Format Version 12.00
# Visual Studio Version 17
VisualStudioVersion = 17.2.32630.192
MinimumVisualStudioVersion = 10.0.40219.1
Project("{FAE04EC0-301F-11D3-BF4B-00C04F79EFBC}") = "9.2", "9.2.csproj", "{56346765-7E66-4443-BF56-F2E0DA68C5B1}"
EndProject
Global
	GlobalSection(SolutionConfigurationPlatforms) = preSolution
		Debug|Any CPU = Debug|Any CPU
		Release|Any CPU = Release|Any CPU
	EndGlobalSection
	GlobalSection(ProjectConfigurationPlatforms) = postSolution
		{56346765-7E66-4443-BF56-F2E0DA68C5B1}.Debug|Any CPU.ActiveCfg = Debug|Any CPU
		{56346765-7E66-4443-BF56-F2E0DA68C5B1}.Debug|Any CPU.Build.0 = Debug|Any CPU
		{56346765-7E66-4443-BF56-F2E0DA68C5B1}.Release|Any CPU.ActiveCfg = Release|Any CPU
		{56346765-7E66-4443-BF56-F2E0DA68C5B1}.Release|Any CPU.Build.0 = Release|Any CPU
	EndGlobalSection
	GlobalSection(SolutionProperties) = preSolution
		HideSolutionNode = FALSE
	EndGlobalSection
	GlobalSection(ExtensibilityGlobals) = postSolution
		SolutionGuid = {3F73EADB-9F8B-4FA6-BF36-311E22C30DC6}
	EndGlobalSection
EndGlobal
